
Microsoft Visual Studio Solution File, Format Version 12.00
# Visual Studio Version 16
VisualStudioVersion = 16.0.29411.108
MinimumVisualStudioVersion = 10.0.40219.1
Project("{9A19103F-16F7-4668-BE54-9A1E7A4F7556}") = "TryingOut.gRPC.Service", "TryingOut.gRPC.Service\TryingOut.gRPC.Service.csproj", "{4E15BFB3-A8AC-416E-9084-F8D9AC3A2F09}"
EndProject
Project("{9A19103F-16F7-4668-BE54-9A1E7A4F7556}") = "TryingOut.gRPC.Client", "TryingOut.gRPC.Client\TryingOut.gRPC.Client.csproj", "{70FE06B0-E776-4526-B62D-11D3DAC10B40}"
EndProject
Global
	GlobalSection(SolutionConfigurationPlatforms) = preSolution
		Debug|Any CPU = Debug|Any CPU
		Release|Any CPU = Release|Any CPU
	EndGlobalSection
	GlobalSection(ProjectConfigurationPlatforms) = postSolution
		{4E15BFB3-A8AC-416E-9084-F8D9AC3A2F09}.Debug|Any CPU.ActiveCfg = Debug|Any CPU
		{4E15BFB3-A8AC-416E-9084-F8D9AC3A2F09}.Debug|Any CPU.Build.0 = Debug|Any CPU
		{4E15BFB3-A8AC-416E-9084-F8D9AC3A2F09}.Release|Any CPU.ActiveCfg = Release|Any CPU
		{4E15BFB3-A8AC-416E-9084-F8D9AC3A2F09}.Release|Any CPU.Build.0 = Release|Any CPU
		{70FE06B0-E776-4526-B62D-11D3DAC10B40}.Debug|Any CPU.ActiveCfg = Debug|Any CPU
		{70FE06B0-E776-4526-B62D-11D3DAC10B40}.Debug|Any CPU.Build.0 = Debug|Any CPU
		{70FE06B0-E776-4526-B62D-11D3DAC10B40}.Release|Any CPU.ActiveCfg = Release|Any CPU
		{70FE06B0-E776-4526-B62D-11D3DAC10B40}.Release|Any CPU.Build.0 = Release|Any CPU
	EndGlobalSection
	GlobalSection(SolutionProperties) = preSolution
		HideSolutionNode = FALSE
	EndGlobalSection
	GlobalSection(ExtensibilityGlobals) = postSolution
		SolutionGuid = {C716D383-020E-49B0-900B-BA1606FEF744}
	EndGlobalSection
EndGlobal
